
Microsoft Visual Studio Solution File, Format Version 12.00
# Visual Studio Version 16
VisualStudioVersion = 16.0.29926.136
MinimumVisualStudioVersion = 10.0.40219.1
Project("{FAE04EC0-301F-11D3-BF4B-00C04F79EFBC}") = "CatalogoDigital", "CatalogoDigital\CatalogoDigital.csproj", "{9F3372C9-EF0E-4226-B8FE-B409B8704BFE}"
EndProject
Project("{FAE04EC0-301F-11D3-BF4B-00C04F79EFBC}") = "Dominio", "Dominio\Dominio.csproj", "{12039101-D5C3-49C9-87F2-3D42CC44B069}"
EndProject
Project("{FAE04EC0-301F-11D3-BF4B-00C04F79EFBC}") = "Negocio", "Negocio\Negocio.csproj", "{734F4D5B-5E5B-4F08-A6EF-538AECE1D3A7}"
EndProject
Project("{FAE04EC0-301F-11D3-BF4B-00C04F79EFBC}") = "CatalogoWeb_TP3", "CatalogoWeb_TP3\CatalogoWeb_TP3.csproj", "{9C4B5064-C00D-4311-AB74-46C6FB56DF0A}"
EndProject
Global
	GlobalSection(SolutionConfigurationPlatforms) = preSolution
		Debug|Any CPU = Debug|Any CPU
		Release|Any CPU = Release|Any CPU
	EndGlobalSection
	GlobalSection(ProjectConfigurationPlatforms) = postSolution
		{9F3372C9-EF0E-4226-B8FE-B409B8704BFE}.Debug|Any CPU.ActiveCfg = Debug|Any CPU
		{9F3372C9-EF0E-4226-B8FE-B409B8704BFE}.Debug|Any CPU.Build.0 = Debug|Any CPU
		{9F3372C9-EF0E-4226-B8FE-B409B8704BFE}.Release|Any CPU.ActiveCfg = Release|Any CPU
		{9F3372C9-EF0E-4226-B8FE-B409B8704BFE}.Release|Any CPU.Build.0 = Release|Any CPU
		{12039101-D5C3-49C9-87F2-3D42CC44B069}.Debug|Any CPU.ActiveCfg = Debug|Any CPU
		{12039101-D5C3-49C9-87F2-3D42CC44B069}.Debug|Any CPU.Build.0 = Debug|Any CPU
		{12039101-D5C3-49C9-87F2-3D42CC44B069}.Release|Any CPU.ActiveCfg = Release|Any CPU
		{12039101-D5C3-49C9-87F2-3D42CC44B069}.Release|Any CPU.Build.0 = Release|Any CPU
		{734F4D5B-5E5B-4F08-A6EF-538AECE1D3A7}.Debug|Any CPU.ActiveCfg = Debug|Any CPU
		{734F4D5B-5E5B-4F08-A6EF-538AECE1D3A7}.Debug|Any CPU.Build.0 = Debug|Any CPU
		{734F4D5B-5E5B-4F08-A6EF-538AECE1D3A7}.Release|Any CPU.ActiveCfg = Release|Any CPU
		{734F4D5B-5E5B-4F08-A6EF-538AECE1D3A7}.Release|Any CPU.Build.0 = Release|Any CPU
		{9C4B5064-C00D-4311-AB74-46C6FB56DF0A}.Debug|Any CPU.ActiveCfg = Debug|Any CPU
		{9C4B5064-C00D-4311-AB74-46C6FB56DF0A}.Debug|Any CPU.Build.0 = Debug|Any CPU
		{9C4B5064-C00D-4311-AB74-46C6FB56DF0A}.Release|Any CPU.ActiveCfg = Release|Any CPU
		{9C4B5064-C00D-4311-AB74-46C6FB56DF0A}.Release|Any CPU.Build.0 = Release|Any CPU
	EndGlobalSection
	GlobalSection(SolutionProperties) = preSolution
		HideSolutionNode = FALSE
	EndGlobalSection
	GlobalSection(ExtensibilityGlobals) = postSolution
		SolutionGuid = {33AB1887-5F6F-49EB-B7E4-DDA51F95D804}
	EndGlobalSection
EndGlobal
